// !$*UTF8*$!
{
	archiveVersion = 1;
	classes = {
	};
	objectVersion = 51;
	objects = {

/* Begin PBXBuildFile section */
		5824E5E026C6181600246D19 /* ListView+Extension.swift in Sources */ = {isa = PBXBuildFile; fileRef = 5824E5DF26C6181600246D19 /* ListView+Extension.swift */; };
		5824E5E226C6183000246D19 /* TableView+Extension.swift in Sources */ = {isa = PBXBuildFile; fileRef = 5824E5E126C6183000246D19 /* TableView+Extension.swift */; };
		5824E5E426C655CB00246D19 /* PublicConst.swift in Sources */ = {isa = PBXBuildFile; fileRef = 5824E5E326C655CB00246D19 /* PublicConst.swift */; };
		5824E5E626C655DB00246D19 /* PublicFrame.swift in Sources */ = {isa = PBXBuildFile; fileRef = 5824E5E526C655DB00246D19 /* PublicFrame.swift */; };
		5824E5E826C66D4200246D19 /* PublicUtils.swift in Sources */ = {isa = PBXBuildFile; fileRef = 5824E5E726C66D4200246D19 /* PublicUtils.swift */; };
		583D452125CBF6A500C053F7 /* UCateModel.swift in Sources */ = {isa = PBXBuildFile; fileRef = 583D452025CBF6A500C053F7 /* UCateModel.swift */; };
		584D5D9725C3F27A00FA507C /* AppDelegate.swift in Sources */ = {isa = PBXBuildFile; fileRef = 584D5D9625C3F27A00FA507C /* AppDelegate.swift */; };
		5887389825C5587C0049ECAD /* HomeVC.swift in Sources */ = {isa = PBXBuildFile; fileRef = 5887389725C5587C0049ECAD /* HomeVC.swift */; };
		5887389B25C558C00049ECAD /* CateVC.swift in Sources */ = {isa = PBXBuildFile; fileRef = 5887389A25C558C00049ECAD /* CateVC.swift */; };
		5887389E25C558D10049ECAD /* CommunityVC.swift in Sources */ = {isa = PBXBuildFile; fileRef = 5887389D25C558D10049ECAD /* CommunityVC.swift */; };
		588738A125C558DC0049ECAD /* MineVC.swift in Sources */ = {isa = PBXBuildFile; fileRef = 588738A025C558DC0049ECAD /* MineVC.swift */; };
		5899402B26BA39B20086C830 /* MonitorLoad.m in Sources */ = {isa = PBXBuildFile; fileRef = 5899402A26BA39B20086C830 /* MonitorLoad.m */; };
		58A4C11825E100EB00C1DAB5 /* BoutiqueVC.swift in Sources */ = {isa = PBXBuildFile; fileRef = 58A4C11725E100EB00C1DAB5 /* BoutiqueVC.swift */; };
		58A4C11B25E1035A00C1DAB5 /* BoutiqueCell.swift in Sources */ = {isa = PBXBuildFile; fileRef = 58A4C11A25E1035A00C1DAB5 /* BoutiqueCell.swift */; };
		58A4C11E25E1084600C1DAB5 /* UComicCHead.swift in Sources */ = {isa = PBXBuildFile; fileRef = 58A4C11D25E1084600C1DAB5 /* UComicCHead.swift */; };
		58A821B8260ADFA2002F7689 /* TrendInfoCell.swift in Sources */ = {isa = PBXBuildFile; fileRef = 58A821B6260ADFA2002F7689 /* TrendInfoCell.swift */; };
		58A821B9260ADFA2002F7689 /* TrendInfoCell.xib in Resources */ = {isa = PBXBuildFile; fileRef = 58A821B7260ADFA2002F7689 /* TrendInfoCell.xib */; };
		58A821BC260AE125002F7689 /* TrendModel.swift in Sources */ = {isa = PBXBuildFile; fileRef = 58A821BB260AE125002F7689 /* TrendModel.swift */; };
		58B3BDBE262949720075272C /* TrendRecommedCell.swift in Sources */ = {isa = PBXBuildFile; fileRef = 58B3BDBC262949720075272C /* TrendRecommedCell.swift */; };
		58B3BDBF262949720075272C /* TrendRecommedCell.xib in Resources */ = {isa = PBXBuildFile; fileRef = 58B3BDBD262949720075272C /* TrendRecommedCell.xib */; };
		58B4924B25CFD5220052A97C /* UCateDetailVC.swift in Sources */ = {isa = PBXBuildFile; fileRef = 58B4924A25CFD5220052A97C /* UCateDetailVC.swift */; };
		58B4924E25CFDDF10052A97C /* UDetailCateCell.swift in Sources */ = {isa = PBXBuildFile; fileRef = 58B4924D25CFDDF10052A97C /* UDetailCateCell.swift */; };
		58B812DB262D3D9400EB00C7 /* MineCenterHeaderView.swift in Sources */ = {isa = PBXBuildFile; fileRef = 58B812D9262D3D9400EB00C7 /* MineCenterHeaderView.swift */; };
		58B812DC262D3D9400EB00C7 /* MineCenterHeaderView.xib in Resources */ = {isa = PBXBuildFile; fileRef = 58B812DA262D3D9400EB00C7 /* MineCenterHeaderView.xib */; };
		58B812DF262D60E500EB00C7 /* MineItemCCell.swift in Sources */ = {isa = PBXBuildFile; fileRef = 58B812DE262D60E500EB00C7 /* MineItemCCell.swift */; };
		58B812E2262D638F00EB00C7 /* MineItemModel.swift in Sources */ = {isa = PBXBuildFile; fileRef = 58B812E1262D638F00EB00C7 /* MineItemModel.swift */; };
		58CDFB6C26BA33F100056527 /* UIColor+Extension.swift in Sources */ = {isa = PBXBuildFile; fileRef = 58CDFB4C26BA33F000056527 /* UIColor+Extension.swift */; };
		58CDFB6D26BA33F100056527 /* UIbutton+Extension.swift in Sources */ = {isa = PBXBuildFile; fileRef = 58CDFB4D26BA33F000056527 /* UIbutton+Extension.swift */; };
		58CDFB6E26BA33F100056527 /* UIView+Extension.swift in Sources */ = {isa = PBXBuildFile; fileRef = 58CDFB4E26BA33F000056527 /* UIView+Extension.swift */; };
		58CDFB6F26BA33F100056527 /* UIImage+Extension.swift in Sources */ = {isa = PBXBuildFile; fileRef = 58CDFB4F26BA33F000056527 /* UIImage+Extension.swift */; };
		58CDFB7026BA33F100056527 /* UIViewController+Extension.swift in Sources */ = {isa = PBXBuildFile; fileRef = 58CDFB5026BA33F000056527 /* UIViewController+Extension.swift */; };
		58CDFB7126BA33F100056527 /* String+Extension.swift in Sources */ = {isa = PBXBuildFile; fileRef = 58CDFB5126BA33F000056527 /* String+Extension.swift */; };
		58CDFB7226BA33F100056527 /* Dictionary+Extension.swift in Sources */ = {isa = PBXBuildFile; fileRef = 58CDFB5226BA33F000056527 /* Dictionary+Extension.swift */; };
		58CDFB7326BA33F100056527 /* UIScrollView+Extension.swift in Sources */ = {isa = PBXBuildFile; fileRef = 58CDFB5326BA33F000056527 /* UIScrollView+Extension.swift */; };
		58CDFB7426BA33F100056527 /* Array+Extension.swift in Sources */ = {isa = PBXBuildFile; fileRef = 58CDFB5426BA33F000056527 /* Array+Extension.swift */; };
		58CDFB7526BA33F100056527 /* ApiClass.swift in Sources */ = {isa = PBXBuildFile; fileRef = 58CDFB5626BA33F000056527 /* ApiClass.swift */; };
		58CDFB7626BA33F100056527 /* BaseVC.swift in Sources */ = {isa = PBXBuildFile; fileRef = 58CDFB5926BA33F000056527 /* BaseVC.swift */; };
		58CDFB7726BA33F100056527 /* WebVC.swift in Sources */ = {isa = PBXBuildFile; fileRef = 58CDFB5A26BA33F000056527 /* WebVC.swift */; };
		58CDFB7826BA33F100056527 /* BaseNavigationVC.swift in Sources */ = {isa = PBXBuildFile; fileRef = 58CDFB5B26BA33F000056527 /* BaseNavigationVC.swift */; };
		58CDFB7926BA33F100056527 /* TabBarController.swift in Sources */ = {isa = PBXBuildFile; fileRef = 58CDFB5C26BA33F000056527 /* TabBarController.swift */; };
		58CDFB7A26BA33F100056527 /* UBaseCCell.swift in Sources */ = {isa = PBXBuildFile; fileRef = 58CDFB5E26BA33F000056527 /* UBaseCCell.swift */; };
		58CDFB7B26BA33F100056527 /* PublicConfigure.swift in Sources */ = {isa = PBXBuildFile; fileRef = 58CDFB6126BA33F000056527 /* PublicConfigure.swift */; };
		58CDFB7C26BA33F100056527 /* GlobalTools.swift in Sources */ = {isa = PBXBuildFile; fileRef = 58CDFB6226BA33F000056527 /* GlobalTools.swift */; };
		58CDFB7D26BA33F100056527 /* Assets.xcassets in Resources */ = {isa = PBXBuildFile; fileRef = 58CDFB6426BA33F000056527 /* Assets.xcassets */; };
		58CDFB8926BA34E200056527 /* LaunchScreen.storyboard in Resources */ = {isa = PBXBuildFile; fileRef = 58CDFB8626BA34E200056527 /* LaunchScreen.storyboard */; };
		7075E033816A232E3D55CCF6 /* libPods-Manga.a in Frameworks */ = {isa = PBXBuildFile; fileRef = 808AAC00D1CDE03EC7A33350 /* libPods-Manga.a */; };
		A32CD80F25CC494A009A5C56 /* URankCCell.swift in Sources */ = {isa = PBXBuildFile; fileRef = A32CD80E25CC494A009A5C56 /* URankCCell.swift */; };
/* End PBXBuildFile section */

/* Begin PBXFileReference section */
		5824E5DF26C6181600246D19 /* ListView+Extension.swift */ = {isa = PBXFileReference; lastKnownFileType = sourcecode.swift; path = "ListView+Extension.swift"; sourceTree = "<group>"; };
		5824E5E126C6183000246D19 /* TableView+Extension.swift */ = {isa = PBXFileReference; lastKnownFileType = sourcecode.swift; path = "TableView+Extension.swift"; sourceTree = "<group>"; };
		5824E5E326C655CB00246D19 /* PublicConst.swift */ = {isa = PBXFileReference; lastKnownFileType = sourcecode.swift; path = PublicConst.swift; sourceTree = "<group>"; };
		5824E5E526C655DB00246D19 /* PublicFrame.swift */ = {isa = PBXFileReference; lastKnownFileType = sourcecode.swift; path = PublicFrame.swift; sourceTree = "<group>"; };
		5824E5E726C66D4200246D19 /* PublicUtils.swift */ = {isa = PBXFileReference; lastKnownFileType = sourcecode.swift; path = PublicUtils.swift; sourceTree = "<group>"; };
		583D452025CBF6A500C053F7 /* UCateModel.swift */ = {isa = PBXFileReference; lastKnownFileType = sourcecode.swift; path = UCateModel.swift; sourceTree = "<group>"; };
		584D5D9325C3F27A00FA507C /* Manga.app */ = {isa = PBXFileReference; explicitFileType = wrapper.application; includeInIndex = 0; path = Manga.app; sourceTree = BUILT_PRODUCTS_DIR; };
		584D5D9625C3F27A00FA507C /* AppDelegate.swift */ = {isa = PBXFileReference; lastKnownFileType = sourcecode.swift; path = AppDelegate.swift; sourceTree = "<group>"; };
		5887389725C5587C0049ECAD /* HomeVC.swift */ = {isa = PBXFileReference; lastKnownFileType = sourcecode.swift; path = HomeVC.swift; sourceTree = "<group>"; };
		5887389A25C558C00049ECAD /* CateVC.swift */ = {isa = PBXFileReference; lastKnownFileType = sourcecode.swift; path = CateVC.swift; sourceTree = "<group>"; };
		5887389D25C558D10049ECAD /* CommunityVC.swift */ = {isa = PBXFileReference; lastKnownFileType = sourcecode.swift; path = CommunityVC.swift; sourceTree = "<group>"; };
		588738A025C558DC0049ECAD /* MineVC.swift */ = {isa = PBXFileReference; lastKnownFileType = sourcecode.swift; path = MineVC.swift; sourceTree = "<group>"; };
		5899402826BA39B20086C830 /* Manga-Bridging-Header.h */ = {isa = PBXFileReference; lastKnownFileType = sourcecode.c.h; path = "Manga-Bridging-Header.h"; sourceTree = "<group>"; };
		5899402926BA39B20086C830 /* MonitorLoad.h */ = {isa = PBXFileReference; lastKnownFileType = sourcecode.c.h; path = MonitorLoad.h; sourceTree = "<group>"; };
		5899402A26BA39B20086C830 /* MonitorLoad.m */ = {isa = PBXFileReference; lastKnownFileType = sourcecode.c.objc; path = MonitorLoad.m; sourceTree = "<group>"; };
		58A4C11725E100EB00C1DAB5 /* BoutiqueVC.swift */ = {isa = PBXFileReference; lastKnownFileType = sourcecode.swift; path = BoutiqueVC.swift; sourceTree = "<group>"; };
		58A4C11A25E1035A00C1DAB5 /* BoutiqueCell.swift */ = {isa = PBXFileReference; lastKnownFileType = sourcecode.swift; path = BoutiqueCell.swift; sourceTree = "<group>"; };
		58A4C11D25E1084600C1DAB5 /* UComicCHead.swift */ = {isa = PBXFileReference; lastKnownFileType = sourcecode.swift; path = UComicCHead.swift; sourceTree = "<group>"; };
		58A821B6260ADFA2002F7689 /* TrendInfoCell.swift */ = {isa = PBXFileReference; lastKnownFileType = sourcecode.swift; path = TrendInfoCell.swift; sourceTree = "<group>"; };
		58A821B7260ADFA2002F7689 /* TrendInfoCell.xib */ = {isa = PBXFileReference; lastKnownFileType = file.xib; path = TrendInfoCell.xib; sourceTree = "<group>"; };
		58A821BB260AE125002F7689 /* TrendModel.swift */ = {isa = PBXFileReference; lastKnownFileType = sourcecode.swift; path = TrendModel.swift; sourceTree = "<group>"; };
		58B3BDBC262949720075272C /* TrendRecommedCell.swift */ = {isa = PBXFileReference; lastKnownFileType = sourcecode.swift; path = TrendRecommedCell.swift; sourceTree = "<group>"; };
		58B3BDBD262949720075272C /* TrendRecommedCell.xib */ = {isa = PBXFileReference; lastKnownFileType = file.xib; path = TrendRecommedCell.xib; sourceTree = "<group>"; };
		58B4924A25CFD5220052A97C /* UCateDetailVC.swift */ = {isa = PBXFileReference; lastKnownFileType = sourcecode.swift; path = UCateDetailVC.swift; sourceTree = "<group>"; };
		58B4924D25CFDDF10052A97C /* UDetailCateCell.swift */ = {isa = PBXFileReference; lastKnownFileType = sourcecode.swift; path = UDetailCateCell.swift; sourceTree = "<group>"; };
		58B812D9262D3D9400EB00C7 /* MineCenterHeaderView.swift */ = {isa = PBXFileReference; lastKnownFileType = sourcecode.swift; path = MineCenterHeaderView.swift; sourceTree = "<group>"; };
		58B812DA262D3D9400EB00C7 /* MineCenterHeaderView.xib */ = {isa = PBXFileReference; lastKnownFileType = file.xib; path = MineCenterHeaderView.xib; sourceTree = "<group>"; };
		58B812DE262D60E500EB00C7 /* MineItemCCell.swift */ = {isa = PBXFileReference; lastKnownFileType = sourcecode.swift; path = MineItemCCell.swift; sourceTree = "<group>"; };
		58B812E1262D638F00EB00C7 /* MineItemModel.swift */ = {isa = PBXFileReference; lastKnownFileType = sourcecode.swift; path = MineItemModel.swift; sourceTree = "<group>"; };
		58CDFB4C26BA33F000056527 /* UIColor+Extension.swift */ = {isa = PBXFileReference; fileEncoding = 4; lastKnownFileType = sourcecode.swift; path = "UIColor+Extension.swift"; sourceTree = "<group>"; };
		58CDFB4D26BA33F000056527 /* UIbutton+Extension.swift */ = {isa = PBXFileReference; fileEncoding = 4; lastKnownFileType = sourcecode.swift; path = "UIbutton+Extension.swift"; sourceTree = "<group>"; };
		58CDFB4E26BA33F000056527 /* UIView+Extension.swift */ = {isa = PBXFileReference; fileEncoding = 4; lastKnownFileType = sourcecode.swift; path = "UIView+Extension.swift"; sourceTree = "<group>"; };
		58CDFB4F26BA33F000056527 /* UIImage+Extension.swift */ = {isa = PBXFileReference; fileEncoding = 4; lastKnownFileType = sourcecode.swift; path = "UIImage+Extension.swift"; sourceTree = "<group>"; };
		58CDFB5026BA33F000056527 /* UIViewController+Extension.swift */ = {isa = PBXFileReference; fileEncoding = 4; lastKnownFileType = sourcecode.swift; path = "UIViewController+Extension.swift"; sourceTree = "<group>"; };
		58CDFB5126BA33F000056527 /* String+Extension.swift */ = {isa = PBXFileReference; fileEncoding = 4; lastKnownFileType = sourcecode.swift; path = "String+Extension.swift"; sourceTree = "<group>"; };
		58CDFB5226BA33F000056527 /* Dictionary+Extension.swift */ = {isa = PBXFileReference; fileEncoding = 4; lastKnownFileType = sourcecode.swift; path = "Dictionary+Extension.swift"; sourceTree = "<group>"; };
		58CDFB5326BA33F000056527 /* UIScrollView+Extension.swift */ = {isa = PBXFileReference; fileEncoding = 4; lastKnownFileType = sourcecode.swift; path = "UIScrollView+Extension.swift"; sourceTree = "<group>"; };
		58CDFB5426BA33F000056527 /* Array+Extension.swift */ = {isa = PBXFileReference; fileEncoding = 4; lastKnownFileType = sourcecode.swift; path = "Array+Extension.swift"; sourceTree = "<group>"; };
		58CDFB5626BA33F000056527 /* ApiClass.swift */ = {isa = PBXFileReference; fileEncoding = 4; lastKnownFileType = sourcecode.swift; path = ApiClass.swift; sourceTree = "<group>"; };
		58CDFB5926BA33F000056527 /* BaseVC.swift */ = {isa = PBXFileReference; fileEncoding = 4; lastKnownFileType = sourcecode.swift; path = BaseVC.swift; sourceTree = "<group>"; };
		58CDFB5A26BA33F000056527 /* WebVC.swift */ = {isa = PBXFileReference; fileEncoding = 4; lastKnownFileType = sourcecode.swift; path = WebVC.swift; sourceTree = "<group>"; };
		58CDFB5B26BA33F000056527 /* BaseNavigationVC.swift */ = {isa = PBXFileReference; fileEncoding = 4; lastKnownFileType = sourcecode.swift; path = BaseNavigationVC.swift; sourceTree = "<group>"; };
		58CDFB5C26BA33F000056527 /* TabBarController.swift */ = {isa = PBXFileReference; fileEncoding = 4; lastKnownFileType = sourcecode.swift; path = TabBarController.swift; sourceTree = "<group>"; };
		58CDFB5E26BA33F000056527 /* UBaseCCell.swift */ = {isa = PBXFileReference; fileEncoding = 4; lastKnownFileType = sourcecode.swift; path = UBaseCCell.swift; sourceTree = "<group>"; };
		58CDFB6126BA33F000056527 /* PublicConfigure.swift */ = {isa = PBXFileReference; fileEncoding = 4; lastKnownFileType = sourcecode.swift; path = PublicConfigure.swift; sourceTree = "<group>"; };
		58CDFB6226BA33F000056527 /* GlobalTools.swift */ = {isa = PBXFileReference; fileEncoding = 4; lastKnownFileType = sourcecode.swift; path = GlobalTools.swift; sourceTree = "<group>"; };
		58CDFB6426BA33F000056527 /* Assets.xcassets */ = {isa = PBXFileReference; lastKnownFileType = folder.assetcatalog; path = Assets.xcassets; sourceTree = "<group>"; };
		58CDFB8226BA34AC00056527 /* Info.plist */ = {isa = PBXFileReference; fileEncoding = 4; lastKnownFileType = text.plist.xml; path = Info.plist; sourceTree = "<group>"; };
		58CDFB8726BA34E200056527 /* Base */ = {isa = PBXFileReference; lastKnownFileType = file.storyboard; name = Base; path = Base.lproj/LaunchScreen.storyboard; sourceTree = "<group>"; };
		808AAC00D1CDE03EC7A33350 /* libPods-Manga.a */ = {isa = PBXFileReference; explicitFileType = archive.ar; includeInIndex = 0; path = "libPods-Manga.a"; sourceTree = BUILT_PRODUCTS_DIR; };
		A32CD80E25CC494A009A5C56 /* URankCCell.swift */ = {isa = PBXFileReference; lastKnownFileType = sourcecode.swift; path = URankCCell.swift; sourceTree = "<group>"; };
		C4DEF34117E1022E8F7858A7 /* Pods-Manga.debug.xcconfig */ = {isa = PBXFileReference; includeInIndex = 1; lastKnownFileType = text.xcconfig; name = "Pods-Manga.debug.xcconfig"; path = "Target Support Files/Pods-Manga/Pods-Manga.debug.xcconfig"; sourceTree = "<group>"; };
		C7AFDB0A11E2C413F9EE7078 /* Pods-Manga.release.xcconfig */ = {isa = PBXFileReference; includeInIndex = 1; lastKnownFileType = text.xcconfig; name = "Pods-Manga.release.xcconfig"; path = "Target Support Files/Pods-Manga/Pods-Manga.release.xcconfig"; sourceTree = "<group>"; };
/* End PBXFileReference section */

/* Begin PBXFrameworksBuildPhase section */
		584D5D9025C3F27A00FA507C /* Frameworks */ = {
			isa = PBXFrameworksBuildPhase;
			buildActionMask = 2147483647;
			files = (
				7075E033816A232E3D55CCF6 /* libPods-Manga.a in Frameworks */,
			);
			runOnlyForDeploymentPostprocessing = 0;
		};
/* End PBXFrameworksBuildPhase section */

/* Begin PBXGroup section */
		2E3B7F8F9F10B82C622FA726 /* Frameworks */ = {
			isa = PBXGroup;
			children = (
				808AAC00D1CDE03EC7A33350 /* libPods-Manga.a */,
			);
			name = Frameworks;
			sourceTree = "<group>";
		};
		3412133B075244D1B1462FAE /* Pods */ = {
			isa = PBXGroup;
			children = (
				C4DEF34117E1022E8F7858A7 /* Pods-Manga.debug.xcconfig */,
				C7AFDB0A11E2C413F9EE7078 /* Pods-Manga.release.xcconfig */,
			);
			path = Pods;
			sourceTree = "<group>";
		};
		584D5D8A25C3F27900FA507C = {
			isa = PBXGroup;
			children = (
				584D5D9525C3F27A00FA507C /* Manga */,
				584D5D9425C3F27A00FA507C /* Products */,
				3412133B075244D1B1462FAE /* Pods */,
				2E3B7F8F9F10B82C622FA726 /* Frameworks */,
			);
			sourceTree = "<group>";
		};
		584D5D9425C3F27A00FA507C /* Products */ = {
			isa = PBXGroup;
			children = (
				584D5D9325C3F27A00FA507C /* Manga.app */,
			);
			name = Products;
			sourceTree = "<group>";
		};
		584D5D9525C3F27A00FA507C /* Manga */ = {
			isa = PBXGroup;
			children = (
				584D5D9625C3F27A00FA507C /* AppDelegate.swift */,
				588738A325C558E20049ECAD /* Classes */,
				58CDFB4726BA33F000056527 /* Others */,
				58CDFB6326BA33F000056527 /* SupportingFiles */,
			);
			path = Manga;
			sourceTree = "<group>";
		};
		588738A325C558E20049ECAD /* Classes */ = {
			isa = PBXGroup;
			children = (
				588738A725C559090049ECAD /* Home */,
				588738A525C559000049ECAD /* Cate */,
				588738A925C559120049ECAD /* Book */,
				588738AB25C559180049ECAD /* Mine */,
			);
			path = Classes;
			sourceTree = "<group>";
		};
		588738A525C559000049ECAD /* Cate */ = {
			isa = PBXGroup;
			children = (
				5887389A25C558C00049ECAD /* CateVC.swift */,
				A32CD80E25CC494A009A5C56 /* URankCCell.swift */,
				583D452025CBF6A500C053F7 /* UCateModel.swift */,
				58B4924A25CFD5220052A97C /* UCateDetailVC.swift */,
				58B4924D25CFDDF10052A97C /* UDetailCateCell.swift */,
			);
			path = Cate;
			sourceTree = "<group>";
		};
		588738A725C559090049ECAD /* Home */ = {
			isa = PBXGroup;
			children = (
				5887389725C5587C0049ECAD /* HomeVC.swift */,
				58A4C11725E100EB00C1DAB5 /* BoutiqueVC.swift */,
				58A4C11A25E1035A00C1DAB5 /* BoutiqueCell.swift */,
				58A4C11D25E1084600C1DAB5 /* UComicCHead.swift */,
			);
			path = Home;
			sourceTree = "<group>";
		};
		588738A925C559120049ECAD /* Book */ = {
			isa = PBXGroup;
			children = (
				5887389D25C558D10049ECAD /* CommunityVC.swift */,
				58A821B6260ADFA2002F7689 /* TrendInfoCell.swift */,
				58A821B7260ADFA2002F7689 /* TrendInfoCell.xib */,
				58A821BB260AE125002F7689 /* TrendModel.swift */,
				58B3BDBC262949720075272C /* TrendRecommedCell.swift */,
				58B3BDBD262949720075272C /* TrendRecommedCell.xib */,
			);
			path = Book;
			sourceTree = "<group>";
		};
		588738AB25C559180049ECAD /* Mine */ = {
			isa = PBXGroup;
			children = (
				588738A025C558DC0049ECAD /* MineVC.swift */,
				58B812E1262D638F00EB00C7 /* MineItemModel.swift */,
				58B812DE262D60E500EB00C7 /* MineItemCCell.swift */,
				58B812D9262D3D9400EB00C7 /* MineCenterHeaderView.swift */,
				58B812DA262D3D9400EB00C7 /* MineCenterHeaderView.xib */,
			);
			path = Mine;
			sourceTree = "<group>";
		};
		58CDFB4726BA33F000056527 /* Others */ = {
			isa = PBXGroup;
			children = (
				58CDFB4826BA33F000056527 /* Tools */,
				58CDFB4B26BA33F000056527 /* Extension */,
				58CDFB5526BA33F000056527 /* Network */,
				58CDFB5726BA33F000056527 /* Pubilc */,
				58CDFB5F26BA33F000056527 /* Global */,
			);
			path = Others;
			sourceTree = "<group>";
		};
		58CDFB4826BA33F000056527 /* Tools */ = {
			isa = PBXGroup;
			children = (
				5899402926BA39B20086C830 /* MonitorLoad.h */,
				5899402A26BA39B20086C830 /* MonitorLoad.m */,
				5899402826BA39B20086C830 /* Manga-Bridging-Header.h */,
			);
			path = Tools;
			sourceTree = "<group>";
		};
		58CDFB4B26BA33F000056527 /* Extension */ = {
			isa = PBXGroup;
			children = (
				58CDFB4C26BA33F000056527 /* UIColor+Extension.swift */,
				58CDFB4D26BA33F000056527 /* UIbutton+Extension.swift */,
				58CDFB4E26BA33F000056527 /* UIView+Extension.swift */,
				58CDFB4F26BA33F000056527 /* UIImage+Extension.swift */,
				58CDFB5026BA33F000056527 /* UIViewController+Extension.swift */,
				58CDFB5126BA33F000056527 /* String+Extension.swift */,
				58CDFB5226BA33F000056527 /* Dictionary+Extension.swift */,
				58CDFB5326BA33F000056527 /* UIScrollView+Extension.swift */,
				5824E5DF26C6181600246D19 /* ListView+Extension.swift */,
				5824E5E126C6183000246D19 /* TableView+Extension.swift */,
				58CDFB5426BA33F000056527 /* Array+Extension.swift */,
			);
			path = Extension;
			sourceTree = "<group>";
		};
		58CDFB5526BA33F000056527 /* Network */ = {
			isa = PBXGroup;
			children = (
				58CDFB5626BA33F000056527 /* ApiClass.swift */,
			);
			path = Network;
			sourceTree = "<group>";
		};
		58CDFB5726BA33F000056527 /* Pubilc */ = {
			isa = PBXGroup;
			children = (
				58CDFB5826BA33F000056527 /* Controller */,
				58CDFB5D26BA33F000056527 /* View */,
			);
			path = Pubilc;
			sourceTree = "<group>";
		};
		58CDFB5826BA33F000056527 /* Controller */ = {
			isa = PBXGroup;
			children = (
				58CDFB5926BA33F000056527 /* BaseVC.swift */,
				58CDFB5A26BA33F000056527 /* WebVC.swift */,
				58CDFB5B26BA33F000056527 /* BaseNavigationVC.swift */,
				58CDFB5C26BA33F000056527 /* TabBarController.swift */,
			);
			path = Controller;
			sourceTree = "<group>";
		};
		58CDFB5D26BA33F000056527 /* View */ = {
			isa = PBXGroup;
			children = (
				58CDFB5E26BA33F000056527 /* UBaseCCell.swift */,
			);
			path = View;
			sourceTree = "<group>";
		};
		58CDFB5F26BA33F000056527 /* Global */ = {
			isa = PBXGroup;
			children = (
				58CDFB6126BA33F000056527 /* PublicConfigure.swift */,
				58CDFB6226BA33F000056527 /* GlobalTools.swift */,
				5824E5E326C655CB00246D19 /* PublicConst.swift */,
				5824E5E526C655DB00246D19 /* PublicFrame.swift */,
				5824E5E726C66D4200246D19 /* PublicUtils.swift */,
			);
			path = Global;
			sourceTree = "<group>";
		};
		58CDFB6326BA33F000056527 /* SupportingFiles */ = {
			isa = PBXGroup;
			children = (
				58CDFB8226BA34AC00056527 /* Info.plist */,
				58CDFB6426BA33F000056527 /* Assets.xcassets */,
				58CDFB8626BA34E200056527 /* LaunchScreen.storyboard */,
			);
			path = SupportingFiles;
			sourceTree = "<group>";
		};
/* End PBXGroup section */

/* Begin PBXNativeTarget section */
		584D5D9225C3F27A00FA507C /* Manga */ = {
			isa = PBXNativeTarget;
			buildConfigurationList = 584D5DA725C3F27A00FA507C /* Build configuration list for PBXNativeTarget "Manga" */;
			buildPhases = (
				358766775DC9801B81D3696D /* [CP] Check Pods Manifest.lock */,
				584D5D8F25C3F27A00FA507C /* Sources */,
				584D5D9025C3F27A00FA507C /* Frameworks */,
				584D5D9125C3F27A00FA507C /* Resources */,
				0C0ED159962D503B84958F4C /* [CP] Copy Pods Resources */,
			);
			buildRules = (
			);
			dependencies = (
			);
			name = Manga;
			productName = U17Demo;
			productReference = 584D5D9325C3F27A00FA507C /* Manga.app */;
			productType = "com.apple.product-type.application";
		};
/* End PBXNativeTarget section */

/* Begin PBXProject section */
		584D5D8B25C3F27900FA507C /* Project object */ = {
			isa = PBXProject;
			attributes = {
				LastSwiftUpdateCheck = 1220;
				LastUpgradeCheck = 1240;
				TargetAttributes = {
					584D5D9225C3F27A00FA507C = {
						CreatedOnToolsVersion = 12.2;
						LastSwiftMigration = 1250;
					};
				};
			};
			buildConfigurationList = 584D5D8E25C3F27900FA507C /* Build configuration list for PBXProject "Manga" */;
			compatibilityVersion = "Xcode 9.3";
			developmentRegion = en;
			hasScannedForEncodings = 0;
			knownRegions = (
				en,
				Base,
			);
			mainGroup = 584D5D8A25C3F27900FA507C;
			productRefGroup = 584D5D9425C3F27A00FA507C /* Products */;
			projectDirPath = "";
			projectRoot = "";
			targets = (
				584D5D9225C3F27A00FA507C /* Manga */,
			);
		};
/* End PBXProject section */

/* Begin PBXResourcesBuildPhase section */
		584D5D9125C3F27A00FA507C /* Resources */ = {
			isa = PBXResourcesBuildPhase;
			buildActionMask = 2147483647;
			files = (
				58B3BDBF262949720075272C /* TrendRecommedCell.xib in Resources */,
				58B812DC262D3D9400EB00C7 /* MineCenterHeaderView.xib in Resources */,
				58CDFB7D26BA33F100056527 /* Assets.xcassets in Resources */,
				58CDFB8926BA34E200056527 /* LaunchScreen.storyboard in Resources */,
				58A821B9260ADFA2002F7689 /* TrendInfoCell.xib in Resources */,
			);
			runOnlyForDeploymentPostprocessing = 0;
		};
/* End PBXResourcesBuildPhase section */

/* Begin PBXShellScriptBuildPhase section */
		0C0ED159962D503B84958F4C /* [CP] Copy Pods Resources */ = {
			isa = PBXShellScriptBuildPhase;
			buildActionMask = 2147483647;
			files = (
			);
			inputFileListPaths = (
				"${PODS_ROOT}/Target Support Files/Pods-Manga/Pods-Manga-resources-${CONFIGURATION}-input-files.xcfilelist",
			);
			name = "[CP] Copy Pods Resources";
			outputFileListPaths = (
				"${PODS_ROOT}/Target Support Files/Pods-Manga/Pods-Manga-resources-${CONFIGURATION}-output-files.xcfilelist",
			);
			runOnlyForDeploymentPostprocessing = 0;
			shellPath = /bin/sh;
			shellScript = "\"${PODS_ROOT}/Target Support Files/Pods-Manga/Pods-Manga-resources.sh\"\n";
			showEnvVarsInLog = 0;
		};
		358766775DC9801B81D3696D /* [CP] Check Pods Manifest.lock */ = {
			isa = PBXShellScriptBuildPhase;
			buildActionMask = 2147483647;
			files = (
			);
			inputFileListPaths = (
			);
			inputPaths = (
				"${PODS_PODFILE_DIR_PATH}/Podfile.lock",
				"${PODS_ROOT}/Manifest.lock",
			);
			name = "[CP] Check Pods Manifest.lock";
			outputFileListPaths = (
			);
			outputPaths = (
				"$(DERIVED_FILE_DIR)/Pods-Manga-checkManifestLockResult.txt",
			);
			runOnlyForDeploymentPostprocessing = 0;
			shellPath = /bin/sh;
			shellScript = "diff \"${PODS_PODFILE_DIR_PATH}/Podfile.lock\" \"${PODS_ROOT}/Manifest.lock\" > /dev/null\nif [ $? != 0 ] ; then\n    # print error to STDERR\n    echo \"error: The sandbox is not in sync with the Podfile.lock. Run 'pod install' or update your CocoaPods installation.\" >&2\n    exit 1\nfi\n# This output is used by Xcode 'outputs' to avoid re-running this script phase.\necho \"SUCCESS\" > \"${SCRIPT_OUTPUT_FILE_0}\"\n";
			showEnvVarsInLog = 0;
		};
/* End PBXShellScriptBuildPhase section */

/* Begin PBXSourcesBuildPhase section */
		584D5D8F25C3F27A00FA507C /* Sources */ = {
			isa = PBXSourcesBuildPhase;
			buildActionMask = 2147483647;
			files = (
				58CDFB7026BA33F100056527 /* UIViewController+Extension.swift in Sources */,
				58CDFB6E26BA33F100056527 /* UIView+Extension.swift in Sources */,
				58B3BDBE262949720075272C /* TrendRecommedCell.swift in Sources */,
				58A4C11B25E1035A00C1DAB5 /* BoutiqueCell.swift in Sources */,
				58CDFB6D26BA33F100056527 /* UIbutton+Extension.swift in Sources */,
				58CDFB7626BA33F100056527 /* BaseVC.swift in Sources */,
				58B812E2262D638F00EB00C7 /* MineItemModel.swift in Sources */,
				58A821B8260ADFA2002F7689 /* TrendInfoCell.swift in Sources */,
				5887389E25C558D10049ECAD /* CommunityVC.swift in Sources */,
				58CDFB7126BA33F100056527 /* String+Extension.swift in Sources */,
				58B4924E25CFDDF10052A97C /* UDetailCateCell.swift in Sources */,
				5887389825C5587C0049ECAD /* HomeVC.swift in Sources */,
				58CDFB7426BA33F100056527 /* Array+Extension.swift in Sources */,
				58CDFB6F26BA33F100056527 /* UIImage+Extension.swift in Sources */,
				58B4924B25CFD5220052A97C /* UCateDetailVC.swift in Sources */,
				58B812DF262D60E500EB00C7 /* MineItemCCell.swift in Sources */,
				5824E5E426C655CB00246D19 /* PublicConst.swift in Sources */,
				588738A125C558DC0049ECAD /* MineVC.swift in Sources */,
				58CDFB7C26BA33F100056527 /* GlobalTools.swift in Sources */,
				58CDFB7B26BA33F100056527 /* PublicConfigure.swift in Sources */,
				58A4C11E25E1084600C1DAB5 /* UComicCHead.swift in Sources */,
				58CDFB7526BA33F100056527 /* ApiClass.swift in Sources */,
				5824E5E626C655DB00246D19 /* PublicFrame.swift in Sources */,
				5824E5E226C6183000246D19 /* TableView+Extension.swift in Sources */,
				58CDFB7226BA33F100056527 /* Dictionary+Extension.swift in Sources */,
				5824E5E026C6181600246D19 /* ListView+Extension.swift in Sources */,
				58CDFB7826BA33F100056527 /* BaseNavigationVC.swift in Sources */,
				58A4C11825E100EB00C1DAB5 /* BoutiqueVC.swift in Sources */,
				58A821BC260AE125002F7689 /* TrendModel.swift in Sources */,
				58CDFB7926BA33F100056527 /* TabBarController.swift in Sources */,
				A32CD80F25CC494A009A5C56 /* URankCCell.swift in Sources */,
				583D452125CBF6A500C053F7 /* UCateModel.swift in Sources */,
				5824E5E826C66D4200246D19 /* PublicUtils.swift in Sources */,
				5899402B26BA39B20086C830 /* MonitorLoad.m in Sources */,
				58CDFB7326BA33F100056527 /* UIScrollView+Extension.swift in Sources */,
				58B812DB262D3D9400EB00C7 /* MineCenterHeaderView.swift in Sources */,
				5887389B25C558C00049ECAD /* CateVC.swift in Sources */,
				58CDFB7726BA33F100056527 /* WebVC.swift in Sources */,
				58CDFB7A26BA33F100056527 /* UBaseCCell.swift in Sources */,
				584D5D9725C3F27A00FA507C /* AppDelegate.swift in Sources */,
				58CDFB6C26BA33F100056527 /* UIColor+Extension.swift in Sources */,
			);
			runOnlyForDeploymentPostprocessing = 0;
		};
/* End PBXSourcesBuildPhase section */

/* Begin PBXVariantGroup section */
		58CDFB8626BA34E200056527 /* LaunchScreen.storyboard */ = {
			isa = PBXVariantGroup;
			children = (
				58CDFB8726BA34E200056527 /* Base */,
			);
			name = LaunchScreen.storyboard;
			sourceTree = "<group>";
		};
/* End PBXVariantGroup section */

/* Begin XCBuildConfiguration section */
		584D5DA525C3F27A00FA507C /* Debug */ = {
			isa = XCBuildConfiguration;
			buildSettings = {
				ALWAYS_SEARCH_USER_PATHS = NO;
				CLANG_ANALYZER_NONNULL = YES;
				CLANG_ANALYZER_NUMBER_OBJECT_CONVERSION = YES_AGGRESSIVE;
				CLANG_CXX_LANGUAGE_STANDARD = "gnu++14";
				CLANG_CXX_LIBRARY = "libc++";
				CLANG_ENABLE_MODULES = YES;
				CLANG_ENABLE_OBJC_ARC = YES;
				CLANG_ENABLE_OBJC_WEAK = YES;
				CLANG_WARN_BLOCK_CAPTURE_AUTORELEASING = YES;
				CLANG_WARN_BOOL_CONVERSION = YES;
				CLANG_WARN_COMMA = YES;
				CLANG_WARN_CONSTANT_CONVERSION = YES;
				CLANG_WARN_DEPRECATED_OBJC_IMPLEMENTATIONS = YES;
				CLANG_WARN_DIRECT_OBJC_ISA_USAGE = YES_ERROR;
				CLANG_WARN_DOCUMENTATION_COMMENTS = YES;
				CLANG_WARN_EMPTY_BODY = YES;
				CLANG_WARN_ENUM_CONVERSION = YES;
				CLANG_WARN_INFINITE_RECURSION = YES;
				CLANG_WARN_INT_CONVERSION = YES;
				CLANG_WARN_NON_LITERAL_NULL_CONVERSION = YES;
				CLANG_WARN_OBJC_IMPLICIT_RETAIN_SELF = YES;
				CLANG_WARN_OBJC_LITERAL_CONVERSION = YES;
				CLANG_WARN_OBJC_ROOT_CLASS = YES_ERROR;
				CLANG_WARN_QUOTED_INCLUDE_IN_FRAMEWORK_HEADER = YES;
				CLANG_WARN_RANGE_LOOP_ANALYSIS = YES;
				CLANG_WARN_STRICT_PROTOTYPES = YES;
				CLANG_WARN_SUSPICIOUS_MOVE = YES;
				CLANG_WARN_UNGUARDED_AVAILABILITY = YES_AGGRESSIVE;
				CLANG_WARN_UNREACHABLE_CODE = YES;
				CLANG_WARN__DUPLICATE_METHOD_MATCH = YES;
				COPY_PHASE_STRIP = NO;
				DEBUG_INFORMATION_FORMAT = dwarf;
				ENABLE_STRICT_OBJC_MSGSEND = YES;
				ENABLE_TESTABILITY = YES;
				GCC_C_LANGUAGE_STANDARD = gnu11;
				GCC_DYNAMIC_NO_PIC = NO;
				GCC_NO_COMMON_BLOCKS = YES;
				GCC_OPTIMIZATION_LEVEL = 0;
				GCC_PREPROCESSOR_DEFINITIONS = (
					"DEBUG=1",
					"$(inherited)",
				);
				GCC_WARN_64_TO_32_BIT_CONVERSION = YES;
				GCC_WARN_ABOUT_RETURN_TYPE = YES_ERROR;
				GCC_WARN_UNDECLARED_SELECTOR = YES;
				GCC_WARN_UNINITIALIZED_AUTOS = YES_AGGRESSIVE;
				GCC_WARN_UNUSED_FUNCTION = YES;
				GCC_WARN_UNUSED_VARIABLE = YES;
				IPHONEOS_DEPLOYMENT_TARGET = 14.2;
				MTL_ENABLE_DEBUG_INFO = INCLUDE_SOURCE;
				MTL_FAST_MATH = YES;
				ONLY_ACTIVE_ARCH = YES;
				SDKROOT = iphoneos;
				SWIFT_ACTIVE_COMPILATION_CONDITIONS = DEBUG;
				SWIFT_OPTIMIZATION_LEVEL = "-Onone";
			};
			name = Debug;
		};
		584D5DA625C3F27A00FA507C /* Release */ = {
			isa = XCBuildConfiguration;
			buildSettings = {
				ALWAYS_SEARCH_USER_PATHS = NO;
				CLANG_ANALYZER_NONNULL = YES;
				CLANG_ANALYZER_NUMBER_OBJECT_CONVERSION = YES_AGGRESSIVE;
				CLANG_CXX_LANGUAGE_STANDARD = "gnu++14";
				CLANG_CXX_LIBRARY = "libc++";
				CLANG_ENABLE_MODULES = YES;
				CLANG_ENABLE_OBJC_ARC = YES;
				CLANG_ENABLE_OBJC_WEAK = YES;
				CLANG_WARN_BLOCK_CAPTURE_AUTORELEASING = YES;
				CLANG_WARN_BOOL_CONVERSION = YES;
				CLANG_WARN_COMMA = YES;
				CLANG_WARN_CONSTANT_CONVERSION = YES;
				CLANG_WARN_DEPRECATED_OBJC_IMPLEMENTATIONS = YES;
				CLANG_WARN_DIRECT_OBJC_ISA_USAGE = YES_ERROR;
				CLANG_WARN_DOCUMENTATION_COMMENTS = YES;
				CLANG_WARN_EMPTY_BODY = YES;
				CLANG_WARN_ENUM_CONVERSION = YES;
				CLANG_WARN_INFINITE_RECURSION = YES;
				CLANG_WARN_INT_CONVERSION = YES;
				CLANG_WARN_NON_LITERAL_NULL_CONVERSION = YES;
				CLANG_WARN_OBJC_IMPLICIT_RETAIN_SELF = YES;
				CLANG_WARN_OBJC_LITERAL_CONVERSION = YES;
				CLANG_WARN_OBJC_ROOT_CLASS = YES_ERROR;
				CLANG_WARN_QUOTED_INCLUDE_IN_FRAMEWORK_HEADER = YES;
				CLANG_WARN_RANGE_LOOP_ANALYSIS = YES;
				CLANG_WARN_STRICT_PROTOTYPES = YES;
				CLANG_WARN_SUSPICIOUS_MOVE = YES;
				CLANG_WARN_UNGUARDED_AVAILABILITY = YES_AGGRESSIVE;
				CLANG_WARN_UNREACHABLE_CODE = YES;
				CLANG_WARN__DUPLICATE_METHOD_MATCH = YES;
				COPY_PHASE_STRIP = NO;
				DEBUG_INFORMATION_FORMAT = "dwarf-with-dsym";
				ENABLE_NS_ASSERTIONS = NO;
				ENABLE_STRICT_OBJC_MSGSEND = YES;
				GCC_C_LANGUAGE_STANDARD = gnu11;
				GCC_NO_COMMON_BLOCKS = YES;
				GCC_WARN_64_TO_32_BIT_CONVERSION = YES;
				GCC_WARN_ABOUT_RETURN_TYPE = YES_ERROR;
				GCC_WARN_UNDECLARED_SELECTOR = YES;
				GCC_WARN_UNINITIALIZED_AUTOS = YES_AGGRESSIVE;
				GCC_WARN_UNUSED_FUNCTION = YES;
				GCC_WARN_UNUSED_VARIABLE = YES;
				IPHONEOS_DEPLOYMENT_TARGET = 14.2;
				MTL_ENABLE_DEBUG_INFO = NO;
				MTL_FAST_MATH = YES;
				SDKROOT = iphoneos;
				SWIFT_COMPILATION_MODE = wholemodule;
				SWIFT_OPTIMIZATION_LEVEL = "-O";
				VALIDATE_PRODUCT = YES;
			};
			name = Release;
		};
		584D5DA825C3F27A00FA507C /* Debug */ = {
			isa = XCBuildConfiguration;
			baseConfigurationReference = C4DEF34117E1022E8F7858A7 /* Pods-Manga.debug.xcconfig */;
			buildSettings = {
				ASSETCATALOG_COMPILER_APPICON_NAME = AppIcon;
				CLANG_ENABLE_MODULES = YES;
				CODE_SIGN_STYLE = Automatic;
				DEVELOPMENT_TEAM = P8FFNR95EQ;
				INFOPLIST_FILE = Manga/SupportingFiles/Info.plist;
				IPHONEOS_DEPLOYMENT_TARGET = 12.0;
				LD_RUNPATH_SEARCH_PATHS = (
					"$(inherited)",
					"@executable_path/Frameworks",
				);
				PRODUCT_BUNDLE_IDENTIFIER = com.test.luke;
				PRODUCT_NAME = "$(TARGET_NAME)";
				SWIFT_OBJC_BRIDGING_HEADER = "Manga/Others/Tools/Manga-Bridging-Header.h";
				SWIFT_OPTIMIZATION_LEVEL = "-Onone";
				SWIFT_VERSION = 5.0;
				TARGETED_DEVICE_FAMILY = 1;
			};
			name = Debug;
		};
		584D5DA925C3F27A00FA507C /* Release */ = {
			isa = XCBuildConfiguration;
			baseConfigurationReference = C7AFDB0A11E2C413F9EE7078 /* Pods-Manga.release.xcconfig */;
			buildSettings = {
				ASSETCATALOG_COMPILER_APPICON_NAME = AppIcon;
				CLANG_ENABLE_MODULES = YES;
				CODE_SIGN_STYLE = Automatic;
				DEVELOPMENT_TEAM = P8FFNR95EQ;
				INFOPLIST_FILE = Manga/SupportingFiles/Info.plist;
				IPHONEOS_DEPLOYMENT_TARGET = 12.0;
				LD_RUNPATH_SEARCH_PATHS = (
					"$(inherited)",
					"@executable_path/Frameworks",
				);
				PRODUCT_BUNDLE_IDENTIFIER = com.test.luke;
				PRODUCT_NAME = "$(TARGET_NAME)";
				SWIFT_OBJC_BRIDGING_HEADER = "Manga/Others/Tools/Manga-Bridging-Header.h";
				SWIFT_VERSION = 5.0;
				TARGETED_DEVICE_FAMILY = 1;
			};
			name = Release;
		};
/* End XCBuildConfiguration section */

/* Begin XCConfigurationList section */
		584D5D8E25C3F27900FA507C /* Build configuration list for PBXProject "Manga" */ = {
			isa = XCConfigurationList;
			buildConfigurations = (
				584D5DA525C3F27A00FA507C /* Debug */,
				584D5DA625C3F27A00FA507C /* Release */,
			);
			defaultConfigurationIsVisible = 0;
			defaultConfigurationName = Release;
		};
		584D5DA725C3F27A00FA507C /* Build configuration list for PBXNativeTarget "Manga" */ = {
			isa = XCConfigurationList;
			buildConfigurations = (
				584D5DA825C3F27A00FA507C /* Debug */,
				584D5DA925C3F27A00FA507C /* Release */,
			);
			defaultConfigurationIsVisible = 0;
			defaultConfigurationName = Release;
		};
/* End XCConfigurationList section */
	};
	rootObject = 584D5D8B25C3F27900FA507C /* Project object */;
}
