// !$*UTF8*$!
{
	archiveVersion = 1;
	classes = {
	};
	objectVersion = 51;
	objects = {

/* Begin PBXBuildFile section */
		54D108C5461197C9C5E2D41D /* Pods_U17Demo.framework in Frameworks */ = {isa = PBXBuildFile; fileRef = 0088669976CF18825985553D /* Pods_U17Demo.framework */; };
		583D451E25CBF36700C053F7 /* UApiDefiner.swift in Sources */ = {isa = PBXBuildFile; fileRef = 583D451D25CBF36700C053F7 /* UApiDefiner.swift */; };
		583D452125CBF6A500C053F7 /* UCateModel.swift in Sources */ = {isa = PBXBuildFile; fileRef = 583D452025CBF6A500C053F7 /* UCateModel.swift */; };
		584D5D9725C3F27A00FA507C /* AppDelegate.swift in Sources */ = {isa = PBXBuildFile; fileRef = 584D5D9625C3F27A00FA507C /* AppDelegate.swift */; };
		584D5D9B25C3F27A00FA507C /* ViewController.swift in Sources */ = {isa = PBXBuildFile; fileRef = 584D5D9A25C3F27A00FA507C /* ViewController.swift */; };
		584D5D9E25C3F27A00FA507C /* Main.storyboard in Resources */ = {isa = PBXBuildFile; fileRef = 584D5D9C25C3F27A00FA507C /* Main.storyboard */; };
		584D5DA025C3F27A00FA507C /* Assets.xcassets in Resources */ = {isa = PBXBuildFile; fileRef = 584D5D9F25C3F27A00FA507C /* Assets.xcassets */; };
		584D5DA325C3F27A00FA507C /* LaunchScreen.storyboard in Resources */ = {isa = PBXBuildFile; fileRef = 584D5DA125C3F27A00FA507C /* LaunchScreen.storyboard */; };
		584D5DAF25C3F62600FA507C /* TabBarController.swift in Sources */ = {isa = PBXBuildFile; fileRef = 584D5DAE25C3F62600FA507C /* TabBarController.swift */; };
		5887389825C5587C0049ECAD /* HomeVC.swift in Sources */ = {isa = PBXBuildFile; fileRef = 5887389725C5587C0049ECAD /* HomeVC.swift */; };
		5887389B25C558C00049ECAD /* CateVC.swift in Sources */ = {isa = PBXBuildFile; fileRef = 5887389A25C558C00049ECAD /* CateVC.swift */; };
		5887389E25C558D10049ECAD /* CommunityVC.swift in Sources */ = {isa = PBXBuildFile; fileRef = 5887389D25C558D10049ECAD /* CommunityVC.swift */; };
		588738A125C558DC0049ECAD /* MineVC.swift in Sources */ = {isa = PBXBuildFile; fileRef = 588738A025C558DC0049ECAD /* MineVC.swift */; };
		588738CA25C7CF1F0049ECAD /* BaseVC.swift in Sources */ = {isa = PBXBuildFile; fileRef = 588738C925C7CF1F0049ECAD /* BaseVC.swift */; };
		588738E525C7D42B0049ECAD /* NavigationVC.swift in Sources */ = {isa = PBXBuildFile; fileRef = 588738E425C7D42B0049ECAD /* NavigationVC.swift */; };
		58A4C11825E100EB00C1DAB5 /* BoutiqueVC.swift in Sources */ = {isa = PBXBuildFile; fileRef = 58A4C11725E100EB00C1DAB5 /* BoutiqueVC.swift */; };
		58A4C11B25E1035A00C1DAB5 /* BoutiqueCell.swift in Sources */ = {isa = PBXBuildFile; fileRef = 58A4C11A25E1035A00C1DAB5 /* BoutiqueCell.swift */; };
		58A4C11E25E1084600C1DAB5 /* UComicCHead.swift in Sources */ = {isa = PBXBuildFile; fileRef = 58A4C11D25E1084600C1DAB5 /* UComicCHead.swift */; };
		58A8219D2609C34F002F7689 /* WebVC.swift in Sources */ = {isa = PBXBuildFile; fileRef = 58A8219C2609C34F002F7689 /* WebVC.swift */; };
		58A821B8260ADFA2002F7689 /* TrendInfoCell.swift in Sources */ = {isa = PBXBuildFile; fileRef = 58A821B6260ADFA2002F7689 /* TrendInfoCell.swift */; };
		58A821B9260ADFA2002F7689 /* TrendInfoCell.xib in Resources */ = {isa = PBXBuildFile; fileRef = 58A821B7260ADFA2002F7689 /* TrendInfoCell.xib */; };
		58A821BC260AE125002F7689 /* TrendModel.swift in Sources */ = {isa = PBXBuildFile; fileRef = 58A821BB260AE125002F7689 /* TrendModel.swift */; };
		58B4924B25CFD5220052A97C /* UCateDetailVC.swift in Sources */ = {isa = PBXBuildFile; fileRef = 58B4924A25CFD5220052A97C /* UCateDetailVC.swift */; };
		58B4924E25CFDDF10052A97C /* UDetailCateCell.swift in Sources */ = {isa = PBXBuildFile; fileRef = 58B4924D25CFDDF10052A97C /* UDetailCateCell.swift */; };
		A32CD80F25CC494A009A5C56 /* URankCCell.swift in Sources */ = {isa = PBXBuildFile; fileRef = A32CD80E25CC494A009A5C56 /* URankCCell.swift */; };
		A32CD81225CC4A20009A5C56 /* UBaseCollectionViewCell.swift in Sources */ = {isa = PBXBuildFile; fileRef = A32CD81125CC4A20009A5C56 /* UBaseCollectionViewCell.swift */; };
		A3A1125925E002A900A9DB82 /* Global.swift in Sources */ = {isa = PBXBuildFile; fileRef = A3A1125825E002A900A9DB82 /* Global.swift */; };
		A3A1127025E0139F00A9DB82 /* UIColorExtension.swift in Sources */ = {isa = PBXBuildFile; fileRef = A3A1126F25E0139F00A9DB82 /* UIColorExtension.swift */; };
/* End PBXBuildFile section */

/* Begin PBXFileReference section */
		0088669976CF18825985553D /* Pods_U17Demo.framework */ = {isa = PBXFileReference; explicitFileType = wrapper.framework; includeInIndex = 0; path = Pods_U17Demo.framework; sourceTree = BUILT_PRODUCTS_DIR; };
		43E473540D579EA0B62BF597 /* Pods-U17Demo.debug.xcconfig */ = {isa = PBXFileReference; includeInIndex = 1; lastKnownFileType = text.xcconfig; name = "Pods-U17Demo.debug.xcconfig"; path = "Target Support Files/Pods-U17Demo/Pods-U17Demo.debug.xcconfig"; sourceTree = "<group>"; };
		583D451D25CBF36700C053F7 /* UApiDefiner.swift */ = {isa = PBXFileReference; lastKnownFileType = sourcecode.swift; path = UApiDefiner.swift; sourceTree = "<group>"; };
		583D452025CBF6A500C053F7 /* UCateModel.swift */ = {isa = PBXFileReference; lastKnownFileType = sourcecode.swift; path = UCateModel.swift; sourceTree = "<group>"; };
		584D5D9325C3F27A00FA507C /* U17Demo.app */ = {isa = PBXFileReference; explicitFileType = wrapper.application; includeInIndex = 0; path = U17Demo.app; sourceTree = BUILT_PRODUCTS_DIR; };
		584D5D9625C3F27A00FA507C /* AppDelegate.swift */ = {isa = PBXFileReference; lastKnownFileType = sourcecode.swift; path = AppDelegate.swift; sourceTree = "<group>"; };
		584D5D9A25C3F27A00FA507C /* ViewController.swift */ = {isa = PBXFileReference; lastKnownFileType = sourcecode.swift; path = ViewController.swift; sourceTree = "<group>"; };
		584D5D9D25C3F27A00FA507C /* Base */ = {isa = PBXFileReference; lastKnownFileType = file.storyboard; name = Base; path = Base.lproj/Main.storyboard; sourceTree = "<group>"; };
		584D5D9F25C3F27A00FA507C /* Assets.xcassets */ = {isa = PBXFileReference; lastKnownFileType = folder.assetcatalog; path = Assets.xcassets; sourceTree = "<group>"; };
		584D5DA225C3F27A00FA507C /* Base */ = {isa = PBXFileReference; lastKnownFileType = file.storyboard; name = Base; path = Base.lproj/LaunchScreen.storyboard; sourceTree = "<group>"; };
		584D5DA425C3F27A00FA507C /* Info.plist */ = {isa = PBXFileReference; lastKnownFileType = text.plist.xml; path = Info.plist; sourceTree = "<group>"; };
		584D5DAE25C3F62600FA507C /* TabBarController.swift */ = {isa = PBXFileReference; lastKnownFileType = sourcecode.swift; path = TabBarController.swift; sourceTree = "<group>"; };
		5887389725C5587C0049ECAD /* HomeVC.swift */ = {isa = PBXFileReference; lastKnownFileType = sourcecode.swift; path = HomeVC.swift; sourceTree = "<group>"; };
		5887389A25C558C00049ECAD /* CateVC.swift */ = {isa = PBXFileReference; lastKnownFileType = sourcecode.swift; path = CateVC.swift; sourceTree = "<group>"; };
		5887389D25C558D10049ECAD /* CommunityVC.swift */ = {isa = PBXFileReference; lastKnownFileType = sourcecode.swift; path = CommunityVC.swift; sourceTree = "<group>"; };
		588738A025C558DC0049ECAD /* MineVC.swift */ = {isa = PBXFileReference; lastKnownFileType = sourcecode.swift; path = MineVC.swift; sourceTree = "<group>"; };
		588738C925C7CF1F0049ECAD /* BaseVC.swift */ = {isa = PBXFileReference; lastKnownFileType = sourcecode.swift; path = BaseVC.swift; sourceTree = "<group>"; };
		588738E425C7D42B0049ECAD /* NavigationVC.swift */ = {isa = PBXFileReference; lastKnownFileType = sourcecode.swift; path = NavigationVC.swift; sourceTree = "<group>"; };
		58A4C11725E100EB00C1DAB5 /* BoutiqueVC.swift */ = {isa = PBXFileReference; lastKnownFileType = sourcecode.swift; path = BoutiqueVC.swift; sourceTree = "<group>"; };
		58A4C11A25E1035A00C1DAB5 /* BoutiqueCell.swift */ = {isa = PBXFileReference; lastKnownFileType = sourcecode.swift; path = BoutiqueCell.swift; sourceTree = "<group>"; };
		58A4C11D25E1084600C1DAB5 /* UComicCHead.swift */ = {isa = PBXFileReference; lastKnownFileType = sourcecode.swift; path = UComicCHead.swift; sourceTree = "<group>"; };
		58A8219C2609C34F002F7689 /* WebVC.swift */ = {isa = PBXFileReference; lastKnownFileType = sourcecode.swift; path = WebVC.swift; sourceTree = "<group>"; };
		58A821B6260ADFA2002F7689 /* TrendInfoCell.swift */ = {isa = PBXFileReference; lastKnownFileType = sourcecode.swift; path = TrendInfoCell.swift; sourceTree = "<group>"; };
		58A821B7260ADFA2002F7689 /* TrendInfoCell.xib */ = {isa = PBXFileReference; lastKnownFileType = file.xib; path = TrendInfoCell.xib; sourceTree = "<group>"; };
		58A821BB260AE125002F7689 /* TrendModel.swift */ = {isa = PBXFileReference; lastKnownFileType = sourcecode.swift; path = TrendModel.swift; sourceTree = "<group>"; };
		58B4924A25CFD5220052A97C /* UCateDetailVC.swift */ = {isa = PBXFileReference; lastKnownFileType = sourcecode.swift; path = UCateDetailVC.swift; sourceTree = "<group>"; };
		58B4924D25CFDDF10052A97C /* UDetailCateCell.swift */ = {isa = PBXFileReference; lastKnownFileType = sourcecode.swift; path = UDetailCateCell.swift; sourceTree = "<group>"; };
		98079B8B5577BA617F3B4527 /* Pods-U17Demo.release.xcconfig */ = {isa = PBXFileReference; includeInIndex = 1; lastKnownFileType = text.xcconfig; name = "Pods-U17Demo.release.xcconfig"; path = "Target Support Files/Pods-U17Demo/Pods-U17Demo.release.xcconfig"; sourceTree = "<group>"; };
		A32CD80E25CC494A009A5C56 /* URankCCell.swift */ = {isa = PBXFileReference; lastKnownFileType = sourcecode.swift; path = URankCCell.swift; sourceTree = "<group>"; };
		A32CD81125CC4A20009A5C56 /* UBaseCollectionViewCell.swift */ = {isa = PBXFileReference; lastKnownFileType = sourcecode.swift; path = UBaseCollectionViewCell.swift; sourceTree = "<group>"; };
		A3A1125825E002A900A9DB82 /* Global.swift */ = {isa = PBXFileReference; lastKnownFileType = sourcecode.swift; path = Global.swift; sourceTree = "<group>"; };
		A3A1126F25E0139F00A9DB82 /* UIColorExtension.swift */ = {isa = PBXFileReference; lastKnownFileType = sourcecode.swift; path = UIColorExtension.swift; sourceTree = "<group>"; };
/* End PBXFileReference section */

/* Begin PBXFrameworksBuildPhase section */
		584D5D9025C3F27A00FA507C /* Frameworks */ = {
			isa = PBXFrameworksBuildPhase;
			buildActionMask = 2147483647;
			files = (
				54D108C5461197C9C5E2D41D /* Pods_U17Demo.framework in Frameworks */,
			);
			runOnlyForDeploymentPostprocessing = 0;
		};
/* End PBXFrameworksBuildPhase section */

/* Begin PBXGroup section */
		2E3B7F8F9F10B82C622FA726 /* Frameworks */ = {
			isa = PBXGroup;
			children = (
				0088669976CF18825985553D /* Pods_U17Demo.framework */,
			);
			name = Frameworks;
			sourceTree = "<group>";
		};
		3412133B075244D1B1462FAE /* Pods */ = {
			isa = PBXGroup;
			children = (
				43E473540D579EA0B62BF597 /* Pods-U17Demo.debug.xcconfig */,
				98079B8B5577BA617F3B4527 /* Pods-U17Demo.release.xcconfig */,
			);
			path = Pods;
			sourceTree = "<group>";
		};
		584D5D8A25C3F27900FA507C = {
			isa = PBXGroup;
			children = (
				584D5D9525C3F27A00FA507C /* U17Demo */,
				584D5D9425C3F27A00FA507C /* Products */,
				3412133B075244D1B1462FAE /* Pods */,
				2E3B7F8F9F10B82C622FA726 /* Frameworks */,
			);
			sourceTree = "<group>";
		};
		584D5D9425C3F27A00FA507C /* Products */ = {
			isa = PBXGroup;
			children = (
				584D5D9325C3F27A00FA507C /* U17Demo.app */,
			);
			name = Products;
			sourceTree = "<group>";
		};
		584D5D9525C3F27A00FA507C /* U17Demo */ = {
			isa = PBXGroup;
			children = (
				584D5D9625C3F27A00FA507C /* AppDelegate.swift */,
				588738A325C558E20049ECAD /* Classes */,
				588738CD25C7CF360049ECAD /* Main */,
				584D5DB125C3F62B00FA507C /* HeaderDefine */,
				588738AD25C55DB10049ECAD /* SupportingFiles */,
				A3A1127225E013A600A9DB82 /* Extension */,
			);
			path = U17Demo;
			sourceTree = "<group>";
		};
		584D5DB125C3F62B00FA507C /* HeaderDefine */ = {
			isa = PBXGroup;
			children = (
				583D451D25CBF36700C053F7 /* UApiDefiner.swift */,
				A3A1125825E002A900A9DB82 /* Global.swift */,
			);
			path = HeaderDefine;
			sourceTree = "<group>";
		};
		588738A325C558E20049ECAD /* Classes */ = {
			isa = PBXGroup;
			children = (
				588738A725C559090049ECAD /* Home */,
				588738A525C559000049ECAD /* Cate */,
				588738A925C559120049ECAD /* Book */,
				588738AB25C559180049ECAD /* Mine */,
			);
			path = Classes;
			sourceTree = "<group>";
		};
		588738A525C559000049ECAD /* Cate */ = {
			isa = PBXGroup;
			children = (
				5887389A25C558C00049ECAD /* CateVC.swift */,
				A32CD80E25CC494A009A5C56 /* URankCCell.swift */,
				583D452025CBF6A500C053F7 /* UCateModel.swift */,
				58B4924A25CFD5220052A97C /* UCateDetailVC.swift */,
				58B4924D25CFDDF10052A97C /* UDetailCateCell.swift */,
			);
			path = Cate;
			sourceTree = "<group>";
		};
		588738A725C559090049ECAD /* Home */ = {
			isa = PBXGroup;
			children = (
				5887389725C5587C0049ECAD /* HomeVC.swift */,
				58A4C11725E100EB00C1DAB5 /* BoutiqueVC.swift */,
				58A4C11A25E1035A00C1DAB5 /* BoutiqueCell.swift */,
				58A4C11D25E1084600C1DAB5 /* UComicCHead.swift */,
			);
			path = Home;
			sourceTree = "<group>";
		};
		588738A925C559120049ECAD /* Book */ = {
			isa = PBXGroup;
			children = (
				5887389D25C558D10049ECAD /* CommunityVC.swift */,
				58A821B6260ADFA2002F7689 /* TrendInfoCell.swift */,
				58A821B7260ADFA2002F7689 /* TrendInfoCell.xib */,
				58A821BB260AE125002F7689 /* TrendModel.swift */,
			);
			path = Book;
			sourceTree = "<group>";
		};
		588738AB25C559180049ECAD /* Mine */ = {
			isa = PBXGroup;
			children = (
				588738A025C558DC0049ECAD /* MineVC.swift */,
			);
			path = Mine;
			sourceTree = "<group>";
		};
		588738AD25C55DB10049ECAD /* SupportingFiles */ = {
			isa = PBXGroup;
			children = (
				584D5D9A25C3F27A00FA507C /* ViewController.swift */,
				584D5D9C25C3F27A00FA507C /* Main.storyboard */,
				584D5D9F25C3F27A00FA507C /* Assets.xcassets */,
				584D5DA125C3F27A00FA507C /* LaunchScreen.storyboard */,
				584D5DA425C3F27A00FA507C /* Info.plist */,
			);
			path = SupportingFiles;
			sourceTree = "<group>";
		};
		588738CD25C7CF360049ECAD /* Main */ = {
			isa = PBXGroup;
			children = (
				584D5DAE25C3F62600FA507C /* TabBarController.swift */,
				588738E425C7D42B0049ECAD /* NavigationVC.swift */,
				588738C925C7CF1F0049ECAD /* BaseVC.swift */,
				58A8219C2609C34F002F7689 /* WebVC.swift */,
				A32CD81125CC4A20009A5C56 /* UBaseCollectionViewCell.swift */,
			);
			path = Main;
			sourceTree = "<group>";
		};
		A3A1127225E013A600A9DB82 /* Extension */ = {
			isa = PBXGroup;
			children = (
				A3A1126F25E0139F00A9DB82 /* UIColorExtension.swift */,
			);
			path = Extension;
			sourceTree = "<group>";
		};
/* End PBXGroup section */

/* Begin PBXNativeTarget section */
		584D5D9225C3F27A00FA507C /* U17Demo */ = {
			isa = PBXNativeTarget;
			buildConfigurationList = 584D5DA725C3F27A00FA507C /* Build configuration list for PBXNativeTarget "U17Demo" */;
			buildPhases = (
				358766775DC9801B81D3696D /* [CP] Check Pods Manifest.lock */,
				584D5D8F25C3F27A00FA507C /* Sources */,
				584D5D9025C3F27A00FA507C /* Frameworks */,
				584D5D9125C3F27A00FA507C /* Resources */,
				97B1FE6C5F40A24D87B6BC13 /* [CP] Embed Pods Frameworks */,
			);
			buildRules = (
			);
			dependencies = (
			);
			name = U17Demo;
			productName = U17Demo;
			productReference = 584D5D9325C3F27A00FA507C /* U17Demo.app */;
			productType = "com.apple.product-type.application";
		};
/* End PBXNativeTarget section */

/* Begin PBXProject section */
		584D5D8B25C3F27900FA507C /* Project object */ = {
			isa = PBXProject;
			attributes = {
				LastSwiftUpdateCheck = 1220;
				LastUpgradeCheck = 1220;
				TargetAttributes = {
					584D5D9225C3F27A00FA507C = {
						CreatedOnToolsVersion = 12.2;
					};
				};
			};
			buildConfigurationList = 584D5D8E25C3F27900FA507C /* Build configuration list for PBXProject "U17Demo" */;
			compatibilityVersion = "Xcode 9.3";
			developmentRegion = en;
			hasScannedForEncodings = 0;
			knownRegions = (
				en,
				Base,
			);
			mainGroup = 584D5D8A25C3F27900FA507C;
			productRefGroup = 584D5D9425C3F27A00FA507C /* Products */;
			projectDirPath = "";
			projectRoot = "";
			targets = (
				584D5D9225C3F27A00FA507C /* U17Demo */,
			);
		};
/* End PBXProject section */

/* Begin PBXResourcesBuildPhase section */
		584D5D9125C3F27A00FA507C /* Resources */ = {
			isa = PBXResourcesBuildPhase;
			buildActionMask = 2147483647;
			files = (
				584D5DA325C3F27A00FA507C /* LaunchScreen.storyboard in Resources */,
				584D5DA025C3F27A00FA507C /* Assets.xcassets in Resources */,
				584D5D9E25C3F27A00FA507C /* Main.storyboard in Resources */,
				58A821B9260ADFA2002F7689 /* TrendInfoCell.xib in Resources */,
			);
			runOnlyForDeploymentPostprocessing = 0;
		};
/* End PBXResourcesBuildPhase section */

/* Begin PBXShellScriptBuildPhase section */
		358766775DC9801B81D3696D /* [CP] Check Pods Manifest.lock */ = {
			isa = PBXShellScriptBuildPhase;
			buildActionMask = 2147483647;
			files = (
			);
			inputFileListPaths = (
			);
			inputPaths = (
				"${PODS_PODFILE_DIR_PATH}/Podfile.lock",
				"${PODS_ROOT}/Manifest.lock",
			);
			name = "[CP] Check Pods Manifest.lock";
			outputFileListPaths = (
			);
			outputPaths = (
				"$(DERIVED_FILE_DIR)/Pods-U17Demo-checkManifestLockResult.txt",
			);
			runOnlyForDeploymentPostprocessing = 0;
			shellPath = /bin/sh;
			shellScript = "diff \"${PODS_PODFILE_DIR_PATH}/Podfile.lock\" \"${PODS_ROOT}/Manifest.lock\" > /dev/null\nif [ $? != 0 ] ; then\n    # print error to STDERR\n    echo \"error: The sandbox is not in sync with the Podfile.lock. Run 'pod install' or update your CocoaPods installation.\" >&2\n    exit 1\nfi\n# This output is used by Xcode 'outputs' to avoid re-running this script phase.\necho \"SUCCESS\" > \"${SCRIPT_OUTPUT_FILE_0}\"\n";
			showEnvVarsInLog = 0;
		};
		97B1FE6C5F40A24D87B6BC13 /* [CP] Embed Pods Frameworks */ = {
			isa = PBXShellScriptBuildPhase;
			buildActionMask = 2147483647;
			files = (
			);
			inputFileListPaths = (
				"${PODS_ROOT}/Target Support Files/Pods-U17Demo/Pods-U17Demo-frameworks-${CONFIGURATION}-input-files.xcfilelist",
			);
			name = "[CP] Embed Pods Frameworks";
			outputFileListPaths = (
				"${PODS_ROOT}/Target Support Files/Pods-U17Demo/Pods-U17Demo-frameworks-${CONFIGURATION}-output-files.xcfilelist",
			);
			runOnlyForDeploymentPostprocessing = 0;
			shellPath = /bin/sh;
			shellScript = "\"${PODS_ROOT}/Target Support Files/Pods-U17Demo/Pods-U17Demo-frameworks.sh\"\n";
			showEnvVarsInLog = 0;
		};
/* End PBXShellScriptBuildPhase section */

/* Begin PBXSourcesBuildPhase section */
		584D5D8F25C3F27A00FA507C /* Sources */ = {
			isa = PBXSourcesBuildPhase;
			buildActionMask = 2147483647;
			files = (
				A3A1127025E0139F00A9DB82 /* UIColorExtension.swift in Sources */,
				583D451E25CBF36700C053F7 /* UApiDefiner.swift in Sources */,
				584D5DAF25C3F62600FA507C /* TabBarController.swift in Sources */,
				58A4C11B25E1035A00C1DAB5 /* BoutiqueCell.swift in Sources */,
				A32CD81225CC4A20009A5C56 /* UBaseCollectionViewCell.swift in Sources */,
				58A821B8260ADFA2002F7689 /* TrendInfoCell.swift in Sources */,
				5887389E25C558D10049ECAD /* CommunityVC.swift in Sources */,
				58B4924E25CFDDF10052A97C /* UDetailCateCell.swift in Sources */,
				5887389825C5587C0049ECAD /* HomeVC.swift in Sources */,
				588738E525C7D42B0049ECAD /* NavigationVC.swift in Sources */,
				58B4924B25CFD5220052A97C /* UCateDetailVC.swift in Sources */,
				A3A1125925E002A900A9DB82 /* Global.swift in Sources */,
				588738CA25C7CF1F0049ECAD /* BaseVC.swift in Sources */,
				588738A125C558DC0049ECAD /* MineVC.swift in Sources */,
				58A4C11E25E1084600C1DAB5 /* UComicCHead.swift in Sources */,
				58A4C11825E100EB00C1DAB5 /* BoutiqueVC.swift in Sources */,
				58A8219D2609C34F002F7689 /* WebVC.swift in Sources */,
				58A821BC260AE125002F7689 /* TrendModel.swift in Sources */,
				A32CD80F25CC494A009A5C56 /* URankCCell.swift in Sources */,
				584D5D9B25C3F27A00FA507C /* ViewController.swift in Sources */,
				583D452125CBF6A500C053F7 /* UCateModel.swift in Sources */,
				5887389B25C558C00049ECAD /* CateVC.swift in Sources */,
				584D5D9725C3F27A00FA507C /* AppDelegate.swift in Sources */,
			);
			runOnlyForDeploymentPostprocessing = 0;
		};
/* End PBXSourcesBuildPhase section */

/* Begin PBXVariantGroup section */
		584D5D9C25C3F27A00FA507C /* Main.storyboard */ = {
			isa = PBXVariantGroup;
			children = (
				584D5D9D25C3F27A00FA507C /* Base */,
			);
			name = Main.storyboard;
			sourceTree = "<group>";
		};
		584D5DA125C3F27A00FA507C /* LaunchScreen.storyboard */ = {
			isa = PBXVariantGroup;
			children = (
				584D5DA225C3F27A00FA507C /* Base */,
			);
			name = LaunchScreen.storyboard;
			sourceTree = "<group>";
		};
/* End PBXVariantGroup section */

/* Begin XCBuildConfiguration section */
		584D5DA525C3F27A00FA507C /* Debug */ = {
			isa = XCBuildConfiguration;
			buildSettings = {
				ALWAYS_SEARCH_USER_PATHS = NO;
				CLANG_ANALYZER_NONNULL = YES;
				CLANG_ANALYZER_NUMBER_OBJECT_CONVERSION = YES_AGGRESSIVE;
				CLANG_CXX_LANGUAGE_STANDARD = "gnu++14";
				CLANG_CXX_LIBRARY = "libc++";
				CLANG_ENABLE_MODULES = YES;
				CLANG_ENABLE_OBJC_ARC = YES;
				CLANG_ENABLE_OBJC_WEAK = YES;
				CLANG_WARN_BLOCK_CAPTURE_AUTORELEASING = YES;
				CLANG_WARN_BOOL_CONVERSION = YES;
				CLANG_WARN_COMMA = YES;
				CLANG_WARN_CONSTANT_CONVERSION = YES;
				CLANG_WARN_DEPRECATED_OBJC_IMPLEMENTATIONS = YES;
				CLANG_WARN_DIRECT_OBJC_ISA_USAGE = YES_ERROR;
				CLANG_WARN_DOCUMENTATION_COMMENTS = YES;
				CLANG_WARN_EMPTY_BODY = YES;
				CLANG_WARN_ENUM_CONVERSION = YES;
				CLANG_WARN_INFINITE_RECURSION = YES;
				CLANG_WARN_INT_CONVERSION = YES;
				CLANG_WARN_NON_LITERAL_NULL_CONVERSION = YES;
				CLANG_WARN_OBJC_IMPLICIT_RETAIN_SELF = YES;
				CLANG_WARN_OBJC_LITERAL_CONVERSION = YES;
				CLANG_WARN_OBJC_ROOT_CLASS = YES_ERROR;
				CLANG_WARN_QUOTED_INCLUDE_IN_FRAMEWORK_HEADER = YES;
				CLANG_WARN_RANGE_LOOP_ANALYSIS = YES;
				CLANG_WARN_STRICT_PROTOTYPES = YES;
				CLANG_WARN_SUSPICIOUS_MOVE = YES;
				CLANG_WARN_UNGUARDED_AVAILABILITY = YES_AGGRESSIVE;
				CLANG_WARN_UNREACHABLE_CODE = YES;
				CLANG_WARN__DUPLICATE_METHOD_MATCH = YES;
				COPY_PHASE_STRIP = NO;
				DEBUG_INFORMATION_FORMAT = dwarf;
				ENABLE_STRICT_OBJC_MSGSEND = YES;
				ENABLE_TESTABILITY = YES;
				GCC_C_LANGUAGE_STANDARD = gnu11;
				GCC_DYNAMIC_NO_PIC = NO;
				GCC_NO_COMMON_BLOCKS = YES;
				GCC_OPTIMIZATION_LEVEL = 0;
				GCC_PREPROCESSOR_DEFINITIONS = (
					"DEBUG=1",
					"$(inherited)",
				);
				GCC_WARN_64_TO_32_BIT_CONVERSION = YES;
				GCC_WARN_ABOUT_RETURN_TYPE = YES_ERROR;
				GCC_WARN_UNDECLARED_SELECTOR = YES;
				GCC_WARN_UNINITIALIZED_AUTOS = YES_AGGRESSIVE;
				GCC_WARN_UNUSED_FUNCTION = YES;
				GCC_WARN_UNUSED_VARIABLE = YES;
				IPHONEOS_DEPLOYMENT_TARGET = 14.2;
				MTL_ENABLE_DEBUG_INFO = INCLUDE_SOURCE;
				MTL_FAST_MATH = YES;
				ONLY_ACTIVE_ARCH = YES;
				SDKROOT = iphoneos;
				SWIFT_ACTIVE_COMPILATION_CONDITIONS = DEBUG;
				SWIFT_OPTIMIZATION_LEVEL = "-Onone";
			};
			name = Debug;
		};
		584D5DA625C3F27A00FA507C /* Release */ = {
			isa = XCBuildConfiguration;
			buildSettings = {
				ALWAYS_SEARCH_USER_PATHS = NO;
				CLANG_ANALYZER_NONNULL = YES;
				CLANG_ANALYZER_NUMBER_OBJECT_CONVERSION = YES_AGGRESSIVE;
				CLANG_CXX_LANGUAGE_STANDARD = "gnu++14";
				CLANG_CXX_LIBRARY = "libc++";
				CLANG_ENABLE_MODULES = YES;
				CLANG_ENABLE_OBJC_ARC = YES;
				CLANG_ENABLE_OBJC_WEAK = YES;
				CLANG_WARN_BLOCK_CAPTURE_AUTORELEASING = YES;
				CLANG_WARN_BOOL_CONVERSION = YES;
				CLANG_WARN_COMMA = YES;
				CLANG_WARN_CONSTANT_CONVERSION = YES;
				CLANG_WARN_DEPRECATED_OBJC_IMPLEMENTATIONS = YES;
				CLANG_WARN_DIRECT_OBJC_ISA_USAGE = YES_ERROR;
				CLANG_WARN_DOCUMENTATION_COMMENTS = YES;
				CLANG_WARN_EMPTY_BODY = YES;
				CLANG_WARN_ENUM_CONVERSION = YES;
				CLANG_WARN_INFINITE_RECURSION = YES;
				CLANG_WARN_INT_CONVERSION = YES;
				CLANG_WARN_NON_LITERAL_NULL_CONVERSION = YES;
				CLANG_WARN_OBJC_IMPLICIT_RETAIN_SELF = YES;
				CLANG_WARN_OBJC_LITERAL_CONVERSION = YES;
				CLANG_WARN_OBJC_ROOT_CLASS = YES_ERROR;
				CLANG_WARN_QUOTED_INCLUDE_IN_FRAMEWORK_HEADER = YES;
				CLANG_WARN_RANGE_LOOP_ANALYSIS = YES;
				CLANG_WARN_STRICT_PROTOTYPES = YES;
				CLANG_WARN_SUSPICIOUS_MOVE = YES;
				CLANG_WARN_UNGUARDED_AVAILABILITY = YES_AGGRESSIVE;
				CLANG_WARN_UNREACHABLE_CODE = YES;
				CLANG_WARN__DUPLICATE_METHOD_MATCH = YES;
				COPY_PHASE_STRIP = NO;
				DEBUG_INFORMATION_FORMAT = "dwarf-with-dsym";
				ENABLE_NS_ASSERTIONS = NO;
				ENABLE_STRICT_OBJC_MSGSEND = YES;
				GCC_C_LANGUAGE_STANDARD = gnu11;
				GCC_NO_COMMON_BLOCKS = YES;
				GCC_WARN_64_TO_32_BIT_CONVERSION = YES;
				GCC_WARN_ABOUT_RETURN_TYPE = YES_ERROR;
				GCC_WARN_UNDECLARED_SELECTOR = YES;
				GCC_WARN_UNINITIALIZED_AUTOS = YES_AGGRESSIVE;
				GCC_WARN_UNUSED_FUNCTION = YES;
				GCC_WARN_UNUSED_VARIABLE = YES;
				IPHONEOS_DEPLOYMENT_TARGET = 14.2;
				MTL_ENABLE_DEBUG_INFO = NO;
				MTL_FAST_MATH = YES;
				SDKROOT = iphoneos;
				SWIFT_COMPILATION_MODE = wholemodule;
				SWIFT_OPTIMIZATION_LEVEL = "-O";
				VALIDATE_PRODUCT = YES;
			};
			name = Release;
		};
		584D5DA825C3F27A00FA507C /* Debug */ = {
			isa = XCBuildConfiguration;
			baseConfigurationReference = 43E473540D579EA0B62BF597 /* Pods-U17Demo.debug.xcconfig */;
			buildSettings = {
				ASSETCATALOG_COMPILER_APPICON_NAME = AppIcon;
				ASSETCATALOG_COMPILER_GLOBAL_ACCENT_COLOR_NAME = AccentColor;
				CODE_SIGN_STYLE = Automatic;
				DEVELOPMENT_TEAM = P8FFNR95EQ;
				INFOPLIST_FILE = U17Demo/SupportingFiles/Info.plist;
				IPHONEOS_DEPLOYMENT_TARGET = 10.0;
				LD_RUNPATH_SEARCH_PATHS = (
					"$(inherited)",
					"@executable_path/Frameworks",
				);
				PRODUCT_BUNDLE_IDENTIFIER = com.test.luke;
				PRODUCT_NAME = "$(TARGET_NAME)";
				SWIFT_VERSION = 5.0;
				TARGETED_DEVICE_FAMILY = 1;
			};
			name = Debug;
		};
		584D5DA925C3F27A00FA507C /* Release */ = {
			isa = XCBuildConfiguration;
			baseConfigurationReference = 98079B8B5577BA617F3B4527 /* Pods-U17Demo.release.xcconfig */;
			buildSettings = {
				ASSETCATALOG_COMPILER_APPICON_NAME = AppIcon;
				ASSETCATALOG_COMPILER_GLOBAL_ACCENT_COLOR_NAME = AccentColor;
				CODE_SIGN_STYLE = Automatic;
				DEVELOPMENT_TEAM = P8FFNR95EQ;
				INFOPLIST_FILE = U17Demo/SupportingFiles/Info.plist;
				IPHONEOS_DEPLOYMENT_TARGET = 10.0;
				LD_RUNPATH_SEARCH_PATHS = (
					"$(inherited)",
					"@executable_path/Frameworks",
				);
				PRODUCT_BUNDLE_IDENTIFIER = com.test.luke;
				PRODUCT_NAME = "$(TARGET_NAME)";
				SWIFT_VERSION = 5.0;
				TARGETED_DEVICE_FAMILY = 1;
			};
			name = Release;
		};
/* End XCBuildConfiguration section */

/* Begin XCConfigurationList section */
		584D5D8E25C3F27900FA507C /* Build configuration list for PBXProject "U17Demo" */ = {
			isa = XCConfigurationList;
			buildConfigurations = (
				584D5DA525C3F27A00FA507C /* Debug */,
				584D5DA625C3F27A00FA507C /* Release */,
			);
			defaultConfigurationIsVisible = 0;
			defaultConfigurationName = Release;
		};
		584D5DA725C3F27A00FA507C /* Build configuration list for PBXNativeTarget "U17Demo" */ = {
			isa = XCConfigurationList;
			buildConfigurations = (
				584D5DA825C3F27A00FA507C /* Debug */,
				584D5DA925C3F27A00FA507C /* Release */,
			);
			defaultConfigurationIsVisible = 0;
			defaultConfigurationName = Release;
		};
/* End XCConfigurationList section */
	};
	rootObject = 584D5D8B25C3F27900FA507C /* Project object */;
}
